
Microsoft Visual Studio Solution File, Format Version 12.00
# Visual Studio Version 17
VisualStudioVersion = 17.8.34322.80
MinimumVisualStudioVersion = 10.0.40219.1
Project("{8BC9CEB8-8B4A-11D0-8D11-00A0C91BC942}") = "NMSFlyThrough", "NMSFlyThrough\nms2.vcxproj", "{8A98D522-F286-4D92-BE11-B9506F078254}"
EndProject
Project("{8BC9CEB8-8B4A-11D0-8D11-00A0C91BC942}") = "nms", "Test1\nms.vcxproj", "{5E599DDB-62B3-4EB3-B7C8-3F4E18CA5ECA}"
EndProject
Project("{8BC9CEB8-8B4A-11D0-8D11-00A0C91BC942}") = "OWEngine", "engine\OWEngine\OWEngine.vcxproj", "{29989FC3-099A-4EB5-8455-DD116AF78E11}"
EndProject
Project("{8BC9CEB8-8B4A-11D0-8D11-00A0C91BC942}") = "assimp", "..\..\OpenGL\Glitter\Build\Glitter\Vendor\assimp\code\assimp.vcxproj", "{CF5FAF9F-32D0-38DE-80F9-D5CE12A52691}"
EndProject
Project("{FAE04EC0-301F-11D3-BF4B-00C04F79EFBC}") = "RCRopeEx2", "..\..\RopeCAD\current\Source\CSharpRopeCADDev\RCRopeEx2\RCRopeEx2.csproj", "{9C60DEA7-DA81-4F17-AF7C-1F48A30F78D4}"
EndProject
Global
	GlobalSection(SolutionConfigurationPlatforms) = preSolution
		Debug|Any CPU = Debug|Any CPU
		Debug|Win32 = Debug|Win32
		Debug|x64 = Debug|x64
		Debug|x86 = Debug|x86
		MinSizeRel|Any CPU = MinSizeRel|Any CPU
		MinSizeRel|Win32 = MinSizeRel|Win32
		MinSizeRel|x64 = MinSizeRel|x64
		MinSizeRel|x86 = MinSizeRel|x86
		Release|Any CPU = Release|Any CPU
		Release|Win32 = Release|Win32
		Release|x64 = Release|x64
		Release|x86 = Release|x86
		RelWithDebInfo|Any CPU = RelWithDebInfo|Any CPU
		RelWithDebInfo|Win32 = RelWithDebInfo|Win32
		RelWithDebInfo|x64 = RelWithDebInfo|x64
		RelWithDebInfo|x86 = RelWithDebInfo|x86
	EndGlobalSection
	GlobalSection(ProjectConfigurationPlatforms) = postSolution
		{8A98D522-F286-4D92-BE11-B9506F078254}.Debug|Any CPU.ActiveCfg = Debug|x64
		{8A98D522-F286-4D92-BE11-B9506F078254}.Debug|Any CPU.Build.0 = Debug|x64
		{8A98D522-F286-4D92-BE11-B9506F078254}.Debug|Win32.ActiveCfg = Debug|Win32
		{8A98D522-F286-4D92-BE11-B9506F078254}.Debug|Win32.Build.0 = Debug|Win32
		{8A98D522-F286-4D92-BE11-B9506F078254}.Debug|x64.ActiveCfg = Debug|x64
		{8A98D522-F286-4D92-BE11-B9506F078254}.Debug|x64.Build.0 = Debug|x64
		{8A98D522-F286-4D92-BE11-B9506F078254}.Debug|x86.ActiveCfg = Debug|Win32
		{8A98D522-F286-4D92-BE11-B9506F078254}.Debug|x86.Build.0 = Debug|Win32
		{8A98D522-F286-4D92-BE11-B9506F078254}.MinSizeRel|Any CPU.ActiveCfg = MinSizeRel|x64
		{8A98D522-F286-4D92-BE11-B9506F078254}.MinSizeRel|Any CPU.Build.0 = MinSizeRel|x64
		{8A98D522-F286-4D92-BE11-B9506F078254}.MinSizeRel|Win32.ActiveCfg = MinSizeRel|Win32
		{8A98D522-F286-4D92-BE11-B9506F078254}.MinSizeRel|Win32.Build.0 = MinSizeRel|Win32
		{8A98D522-F286-4D92-BE11-B9506F078254}.MinSizeRel|x64.ActiveCfg = MinSizeRel|x64
		{8A98D522-F286-4D92-BE11-B9506F078254}.MinSizeRel|x64.Build.0 = MinSizeRel|x64
		{8A98D522-F286-4D92-BE11-B9506F078254}.MinSizeRel|x86.ActiveCfg = MinSizeRel|Win32
		{8A98D522-F286-4D92-BE11-B9506F078254}.MinSizeRel|x86.Build.0 = MinSizeRel|Win32
		{8A98D522-F286-4D92-BE11-B9506F078254}.Release|Any CPU.ActiveCfg = Release|x64
		{8A98D522-F286-4D92-BE11-B9506F078254}.Release|Any CPU.Build.0 = Release|x64
		{8A98D522-F286-4D92-BE11-B9506F078254}.Release|Win32.ActiveCfg = Release|Win32
		{8A98D522-F286-4D92-BE11-B9506F078254}.Release|Win32.Build.0 = Release|Win32
		{8A98D522-F286-4D92-BE11-B9506F078254}.Release|x64.ActiveCfg = Release|x64
		{8A98D522-F286-4D92-BE11-B9506F078254}.Release|x64.Build.0 = Release|x64
		{8A98D522-F286-4D92-BE11-B9506F078254}.Release|x86.ActiveCfg = Release|Win32
		{8A98D522-F286-4D92-BE11-B9506F078254}.Release|x86.Build.0 = Release|Win32
		{8A98D522-F286-4D92-BE11-B9506F078254}.RelWithDebInfo|Any CPU.ActiveCfg = RelWithDebugInfo|x64
		{8A98D522-F286-4D92-BE11-B9506F078254}.RelWithDebInfo|Any CPU.Build.0 = RelWithDebugInfo|x64
		{8A98D522-F286-4D92-BE11-B9506F078254}.RelWithDebInfo|Win32.ActiveCfg = RelWithDebugInfo|Win32
		{8A98D522-F286-4D92-BE11-B9506F078254}.RelWithDebInfo|Win32.Build.0 = RelWithDebugInfo|Win32
		{8A98D522-F286-4D92-BE11-B9506F078254}.RelWithDebInfo|x64.ActiveCfg = RelWithDebugInfo|x64
		{8A98D522-F286-4D92-BE11-B9506F078254}.RelWithDebInfo|x64.Build.0 = RelWithDebugInfo|x64
		{8A98D522-F286-4D92-BE11-B9506F078254}.RelWithDebInfo|x86.ActiveCfg = RelWithDebugInfo|Win32
		{8A98D522-F286-4D92-BE11-B9506F078254}.RelWithDebInfo|x86.Build.0 = RelWithDebugInfo|Win32
		{5E599DDB-62B3-4EB3-B7C8-3F4E18CA5ECA}.Debug|Any CPU.ActiveCfg = Debug|x64
		{5E599DDB-62B3-4EB3-B7C8-3F4E18CA5ECA}.Debug|Any CPU.Build.0 = Debug|x64
		{5E599DDB-62B3-4EB3-B7C8-3F4E18CA5ECA}.Debug|Win32.ActiveCfg = Debug|Win32
		{5E599DDB-62B3-4EB3-B7C8-3F4E18CA5ECA}.Debug|Win32.Build.0 = Debug|Win32
		{5E599DDB-62B3-4EB3-B7C8-3F4E18CA5ECA}.Debug|x64.ActiveCfg = Debug|x64
		{5E599DDB-62B3-4EB3-B7C8-3F4E18CA5ECA}.Debug|x64.Build.0 = Debug|x64
		{5E599DDB-62B3-4EB3-B7C8-3F4E18CA5ECA}.Debug|x86.ActiveCfg = Debug|Win32
		{5E599DDB-62B3-4EB3-B7C8-3F4E18CA5ECA}.Debug|x86.Build.0 = Debug|Win32
		{5E599DDB-62B3-4EB3-B7C8-3F4E18CA5ECA}.MinSizeRel|Any CPU.ActiveCfg = MinSizeRel|x64
		{5E599DDB-62B3-4EB3-B7C8-3F4E18CA5ECA}.MinSizeRel|Any CPU.Build.0 = MinSizeRel|x64
		{5E599DDB-62B3-4EB3-B7C8-3F4E18CA5ECA}.MinSizeRel|Win32.ActiveCfg = MinSizeRel|Win32
		{5E599DDB-62B3-4EB3-B7C8-3F4E18CA5ECA}.MinSizeRel|Win32.Build.0 = MinSizeRel|Win32
		{5E599DDB-62B3-4EB3-B7C8-3F4E18CA5ECA}.MinSizeRel|x64.ActiveCfg = MinSizeRel|x64
		{5E599DDB-62B3-4EB3-B7C8-3F4E18CA5ECA}.MinSizeRel|x64.Build.0 = MinSizeRel|x64
		{5E599DDB-62B3-4EB3-B7C8-3F4E18CA5ECA}.MinSizeRel|x86.ActiveCfg = MinSizeRel|Win32
		{5E599DDB-62B3-4EB3-B7C8-3F4E18CA5ECA}.MinSizeRel|x86.Build.0 = MinSizeRel|Win32
		{5E599DDB-62B3-4EB3-B7C8-3F4E18CA5ECA}.Release|Any CPU.ActiveCfg = Release|x64
		{5E599DDB-62B3-4EB3-B7C8-3F4E18CA5ECA}.Release|Any CPU.Build.0 = Release|x64
		{5E599DDB-62B3-4EB3-B7C8-3F4E18CA5ECA}.Release|Win32.ActiveCfg = Release|Win32
		{5E599DDB-62B3-4EB3-B7C8-3F4E18CA5ECA}.Release|Win32.Build.0 = Release|Win32
		{5E599DDB-62B3-4EB3-B7C8-3F4E18CA5ECA}.Release|x64.ActiveCfg = Release|x64
		{5E599DDB-62B3-4EB3-B7C8-3F4E18CA5ECA}.Release|x64.Build.0 = Release|x64
		{5E599DDB-62B3-4EB3-B7C8-3F4E18CA5ECA}.Release|x86.ActiveCfg = Release|Win32
		{5E599DDB-62B3-4EB3-B7C8-3F4E18CA5ECA}.Release|x86.Build.0 = Release|Win32
		{5E599DDB-62B3-4EB3-B7C8-3F4E18CA5ECA}.RelWithDebInfo|Any CPU.ActiveCfg = RelWithDebugInfo|x64
		{5E599DDB-62B3-4EB3-B7C8-3F4E18CA5ECA}.RelWithDebInfo|Any CPU.Build.0 = RelWithDebugInfo|x64
		{5E599DDB-62B3-4EB3-B7C8-3F4E18CA5ECA}.RelWithDebInfo|Win32.ActiveCfg = RelWithDebugInfo|Win32
		{5E599DDB-62B3-4EB3-B7C8-3F4E18CA5ECA}.RelWithDebInfo|Win32.Build.0 = RelWithDebugInfo|Win32
		{5E599DDB-62B3-4EB3-B7C8-3F4E18CA5ECA}.RelWithDebInfo|x64.ActiveCfg = RelWithDebugInfo|x64
		{5E599DDB-62B3-4EB3-B7C8-3F4E18CA5ECA}.RelWithDebInfo|x64.Build.0 = RelWithDebugInfo|x64
		{5E599DDB-62B3-4EB3-B7C8-3F4E18CA5ECA}.RelWithDebInfo|x86.ActiveCfg = RelWithDebugInfo|Win32
		{5E599DDB-62B3-4EB3-B7C8-3F4E18CA5ECA}.RelWithDebInfo|x86.Build.0 = RelWithDebugInfo|Win32
		{29989FC3-099A-4EB5-8455-DD116AF78E11}.Debug|Any CPU.ActiveCfg = Debug|x64
		{29989FC3-099A-4EB5-8455-DD116AF78E11}.Debug|Any CPU.Build.0 = Debug|x64
		{29989FC3-099A-4EB5-8455-DD116AF78E11}.Debug|Win32.ActiveCfg = Debug|Win32
		{29989FC3-099A-4EB5-8455-DD116AF78E11}.Debug|Win32.Build.0 = Debug|Win32
		{29989FC3-099A-4EB5-8455-DD116AF78E11}.Debug|x64.ActiveCfg = Debug|x64
		{29989FC3-099A-4EB5-8455-DD116AF78E11}.Debug|x64.Build.0 = Debug|x64
		{29989FC3-099A-4EB5-8455-DD116AF78E11}.Debug|x86.ActiveCfg = Debug|Win32
		{29989FC3-099A-4EB5-8455-DD116AF78E11}.Debug|x86.Build.0 = Debug|Win32
		{29989FC3-099A-4EB5-8455-DD116AF78E11}.MinSizeRel|Any CPU.ActiveCfg = MinSizeRel|x64
		{29989FC3-099A-4EB5-8455-DD116AF78E11}.MinSizeRel|Any CPU.Build.0 = MinSizeRel|x64
		{29989FC3-099A-4EB5-8455-DD116AF78E11}.MinSizeRel|Win32.ActiveCfg = MinSizeRel|Win32
		{29989FC3-099A-4EB5-8455-DD116AF78E11}.MinSizeRel|Win32.Build.0 = MinSizeRel|Win32
		{29989FC3-099A-4EB5-8455-DD116AF78E11}.MinSizeRel|x64.ActiveCfg = MinSizeRel|x64
		{29989FC3-099A-4EB5-8455-DD116AF78E11}.MinSizeRel|x64.Build.0 = MinSizeRel|x64
		{29989FC3-099A-4EB5-8455-DD116AF78E11}.MinSizeRel|x86.ActiveCfg = MinSizeRel|Win32
		{29989FC3-099A-4EB5-8455-DD116AF78E11}.MinSizeRel|x86.Build.0 = MinSizeRel|Win32
		{29989FC3-099A-4EB5-8455-DD116AF78E11}.Release|Any CPU.ActiveCfg = Release|x64
		{29989FC3-099A-4EB5-8455-DD116AF78E11}.Release|Any CPU.Build.0 = Release|x64
		{29989FC3-099A-4EB5-8455-DD116AF78E11}.Release|Win32.ActiveCfg = Release|Win32
		{29989FC3-099A-4EB5-8455-DD116AF78E11}.Release|Win32.Build.0 = Release|Win32
		{29989FC3-099A-4EB5-8455-DD116AF78E11}.Release|x64.ActiveCfg = Release|x64
		{29989FC3-099A-4EB5-8455-DD116AF78E11}.Release|x64.Build.0 = Release|x64
		{29989FC3-099A-4EB5-8455-DD116AF78E11}.Release|x86.ActiveCfg = Release|Win32
		{29989FC3-099A-4EB5-8455-DD116AF78E11}.Release|x86.Build.0 = Release|Win32
		{29989FC3-099A-4EB5-8455-DD116AF78E11}.RelWithDebInfo|Any CPU.ActiveCfg = RelWithDebugInfo|x64
		{29989FC3-099A-4EB5-8455-DD116AF78E11}.RelWithDebInfo|Any CPU.Build.0 = RelWithDebugInfo|x64
		{29989FC3-099A-4EB5-8455-DD116AF78E11}.RelWithDebInfo|Win32.ActiveCfg = RelWithDebugInfo|Win32
		{29989FC3-099A-4EB5-8455-DD116AF78E11}.RelWithDebInfo|Win32.Build.0 = RelWithDebugInfo|Win32
		{29989FC3-099A-4EB5-8455-DD116AF78E11}.RelWithDebInfo|x64.ActiveCfg = RelWithDebugInfo|x64
		{29989FC3-099A-4EB5-8455-DD116AF78E11}.RelWithDebInfo|x64.Build.0 = RelWithDebugInfo|x64
		{29989FC3-099A-4EB5-8455-DD116AF78E11}.RelWithDebInfo|x86.ActiveCfg = RelWithDebugInfo|Win32
		{29989FC3-099A-4EB5-8455-DD116AF78E11}.RelWithDebInfo|x86.Build.0 = RelWithDebugInfo|Win32
		{CF5FAF9F-32D0-38DE-80F9-D5CE12A52691}.Debug|Any CPU.ActiveCfg = Debug|x64
		{CF5FAF9F-32D0-38DE-80F9-D5CE12A52691}.Debug|Any CPU.Build.0 = Debug|x64
		{CF5FAF9F-32D0-38DE-80F9-D5CE12A52691}.Debug|Win32.ActiveCfg = Debug|x64
		{CF5FAF9F-32D0-38DE-80F9-D5CE12A52691}.Debug|Win32.Build.0 = Debug|x64
		{CF5FAF9F-32D0-38DE-80F9-D5CE12A52691}.Debug|x64.ActiveCfg = Debug|x64
		{CF5FAF9F-32D0-38DE-80F9-D5CE12A52691}.Debug|x64.Build.0 = Debug|x64
		{CF5FAF9F-32D0-38DE-80F9-D5CE12A52691}.Debug|x86.ActiveCfg = Debug|x64
		{CF5FAF9F-32D0-38DE-80F9-D5CE12A52691}.Debug|x86.Build.0 = Debug|x64
		{CF5FAF9F-32D0-38DE-80F9-D5CE12A52691}.MinSizeRel|Any CPU.ActiveCfg = MinSizeRel|x64
		{CF5FAF9F-32D0-38DE-80F9-D5CE12A52691}.MinSizeRel|Any CPU.Build.0 = MinSizeRel|x64
		{CF5FAF9F-32D0-38DE-80F9-D5CE12A52691}.MinSizeRel|Win32.ActiveCfg = MinSizeRel|x64
		{CF5FAF9F-32D0-38DE-80F9-D5CE12A52691}.MinSizeRel|Win32.Build.0 = MinSizeRel|x64
		{CF5FAF9F-32D0-38DE-80F9-D5CE12A52691}.MinSizeRel|x64.ActiveCfg = MinSizeRel|x64
		{CF5FAF9F-32D0-38DE-80F9-D5CE12A52691}.MinSizeRel|x64.Build.0 = MinSizeRel|x64
		{CF5FAF9F-32D0-38DE-80F9-D5CE12A52691}.MinSizeRel|x86.ActiveCfg = MinSizeRel|x64
		{CF5FAF9F-32D0-38DE-80F9-D5CE12A52691}.MinSizeRel|x86.Build.0 = MinSizeRel|x64
		{CF5FAF9F-32D0-38DE-80F9-D5CE12A52691}.Release|Any CPU.ActiveCfg = Release|x64
		{CF5FAF9F-32D0-38DE-80F9-D5CE12A52691}.Release|Any CPU.Build.0 = Release|x64
		{CF5FAF9F-32D0-38DE-80F9-D5CE12A52691}.Release|Win32.ActiveCfg = Release|x64
		{CF5FAF9F-32D0-38DE-80F9-D5CE12A52691}.Release|Win32.Build.0 = Release|x64
		{CF5FAF9F-32D0-38DE-80F9-D5CE12A52691}.Release|x64.ActiveCfg = Release|x64
		{CF5FAF9F-32D0-38DE-80F9-D5CE12A52691}.Release|x64.Build.0 = Release|x64
		{CF5FAF9F-32D0-38DE-80F9-D5CE12A52691}.Release|x86.ActiveCfg = Release|x64
		{CF5FAF9F-32D0-38DE-80F9-D5CE12A52691}.Release|x86.Build.0 = Release|x64
		{CF5FAF9F-32D0-38DE-80F9-D5CE12A52691}.RelWithDebInfo|Any CPU.ActiveCfg = RelWithDebInfo|x64
		{CF5FAF9F-32D0-38DE-80F9-D5CE12A52691}.RelWithDebInfo|Any CPU.Build.0 = RelWithDebInfo|x64
		{CF5FAF9F-32D0-38DE-80F9-D5CE12A52691}.RelWithDebInfo|Win32.ActiveCfg = RelWithDebInfo|x64
		{CF5FAF9F-32D0-38DE-80F9-D5CE12A52691}.RelWithDebInfo|Win32.Build.0 = RelWithDebInfo|x64
		{CF5FAF9F-32D0-38DE-80F9-D5CE12A52691}.RelWithDebInfo|x64.ActiveCfg = RelWithDebInfo|x64
		{CF5FAF9F-32D0-38DE-80F9-D5CE12A52691}.RelWithDebInfo|x64.Build.0 = RelWithDebInfo|x64
		{CF5FAF9F-32D0-38DE-80F9-D5CE12A52691}.RelWithDebInfo|x86.ActiveCfg = RelWithDebInfo|x64
		{CF5FAF9F-32D0-38DE-80F9-D5CE12A52691}.RelWithDebInfo|x86.Build.0 = RelWithDebInfo|x64
		{9C60DEA7-DA81-4F17-AF7C-1F48A30F78D4}.Debug|Any CPU.ActiveCfg = Debug|Any CPU
		{9C60DEA7-DA81-4F17-AF7C-1F48A30F78D4}.Debug|Any CPU.Build.0 = Debug|Any CPU
		{9C60DEA7-DA81-4F17-AF7C-1F48A30F78D4}.Debug|Win32.ActiveCfg = Debug|x86
		{9C60DEA7-DA81-4F17-AF7C-1F48A30F78D4}.Debug|Win32.Build.0 = Debug|x86
		{9C60DEA7-DA81-4F17-AF7C-1F48A30F78D4}.Debug|x64.ActiveCfg = Debug|x64
		{9C60DEA7-DA81-4F17-AF7C-1F48A30F78D4}.Debug|x64.Build.0 = Debug|x64
		{9C60DEA7-DA81-4F17-AF7C-1F48A30F78D4}.Debug|x86.ActiveCfg = Debug|x86
		{9C60DEA7-DA81-4F17-AF7C-1F48A30F78D4}.Debug|x86.Build.0 = Debug|x86
		{9C60DEA7-DA81-4F17-AF7C-1F48A30F78D4}.MinSizeRel|Any CPU.ActiveCfg = Debug|Any CPU
		{9C60DEA7-DA81-4F17-AF7C-1F48A30F78D4}.MinSizeRel|Any CPU.Build.0 = Debug|Any CPU
		{9C60DEA7-DA81-4F17-AF7C-1F48A30F78D4}.MinSizeRel|Win32.ActiveCfg = Debug|x86
		{9C60DEA7-DA81-4F17-AF7C-1F48A30F78D4}.MinSizeRel|Win32.Build.0 = Debug|x86
		{9C60DEA7-DA81-4F17-AF7C-1F48A30F78D4}.MinSizeRel|x64.ActiveCfg = Debug|x64
		{9C60DEA7-DA81-4F17-AF7C-1F48A30F78D4}.MinSizeRel|x64.Build.0 = Debug|x64
		{9C60DEA7-DA81-4F17-AF7C-1F48A30F78D4}.MinSizeRel|x86.ActiveCfg = Debug|x86
		{9C60DEA7-DA81-4F17-AF7C-1F48A30F78D4}.MinSizeRel|x86.Build.0 = Debug|x86
		{9C60DEA7-DA81-4F17-AF7C-1F48A30F78D4}.Release|Any CPU.ActiveCfg = Release|Any CPU
		{9C60DEA7-DA81-4F17-AF7C-1F48A30F78D4}.Release|Any CPU.Build.0 = Release|Any CPU
		{9C60DEA7-DA81-4F17-AF7C-1F48A30F78D4}.Release|Win32.ActiveCfg = Release|x86
		{9C60DEA7-DA81-4F17-AF7C-1F48A30F78D4}.Release|Win32.Build.0 = Release|x86
		{9C60DEA7-DA81-4F17-AF7C-1F48A30F78D4}.Release|x64.ActiveCfg = Release|x64
		{9C60DEA7-DA81-4F17-AF7C-1F48A30F78D4}.Release|x64.Build.0 = Release|x64
		{9C60DEA7-DA81-4F17-AF7C-1F48A30F78D4}.Release|x86.ActiveCfg = Release|x86
		{9C60DEA7-DA81-4F17-AF7C-1F48A30F78D4}.Release|x86.Build.0 = Release|x86
		{9C60DEA7-DA81-4F17-AF7C-1F48A30F78D4}.RelWithDebInfo|Any CPU.ActiveCfg = Release|Any CPU
		{9C60DEA7-DA81-4F17-AF7C-1F48A30F78D4}.RelWithDebInfo|Any CPU.Build.0 = Release|Any CPU
		{9C60DEA7-DA81-4F17-AF7C-1F48A30F78D4}.RelWithDebInfo|Win32.ActiveCfg = Release|x86
		{9C60DEA7-DA81-4F17-AF7C-1F48A30F78D4}.RelWithDebInfo|Win32.Build.0 = Release|x86
		{9C60DEA7-DA81-4F17-AF7C-1F48A30F78D4}.RelWithDebInfo|x64.ActiveCfg = Release|x64
		{9C60DEA7-DA81-4F17-AF7C-1F48A30F78D4}.RelWithDebInfo|x64.Build.0 = Release|x64
		{9C60DEA7-DA81-4F17-AF7C-1F48A30F78D4}.RelWithDebInfo|x86.ActiveCfg = Release|x86
		{9C60DEA7-DA81-4F17-AF7C-1F48A30F78D4}.RelWithDebInfo|x86.Build.0 = Release|x86
	EndGlobalSection
	GlobalSection(SolutionProperties) = preSolution
		HideSolutionNode = FALSE
	EndGlobalSection
	GlobalSection(ExtensibilityGlobals) = postSolution
		SolutionGuid = {4B68C5D9-FA18-4430-AD46-A9D60D077070}
	EndGlobalSection
EndGlobal
