<?xml version="1.0" encoding="utf-8"?>
<Project ToolsVersion="4.0" xmlns="http://schemas.microsoft.com/developer/msbuild/2003">
  <ItemGroup>
    <Filter Include="Source Files">
      <UniqueIdentifier>{4FC737F1-C7A5-4376-A066-2A32D752A2FF}</UniqueIdentifier>
      <Extensions>cpp;c;cc;cxx;def;odl;idl;hpj;bat;asm;asmx</Extensions>
    </Filter>
    <Filter Include="Header Files">
      <UniqueIdentifier>{93995380-89BD-4b04-88EB-625FBE52EBFB}</UniqueIdentifier>
      <Extensions>h;hh;hpp;hxx;hm;inl;inc;ipp;xsd</Extensions>
    </Filter>
    <Filter Include="Resource Files">
      <UniqueIdentifier>{67DA6AB6-F800-4c08-8B7A-83BB121AAD01}</UniqueIdentifier>
      <Extensions>rc;ico;cur;bmp;dlg;rc2;rct;bin;rgs;gif;jpg;jpeg;jpe;resx;tiff;tif;png;wav;mfcribbon-ms</Extensions>
    </Filter>
  </ItemGroup>
  <ItemGroup>
    <Image Include="..\engine\container.jpg">
      <Filter>Resource Files</Filter>
    </Image>
    <Image Include="..\engine\awesomeface.png">
      <Filter>Resource Files</Filter>
    </Image>
  </ItemGroup>
  <ItemGroup>
    <None Include="..\engine\vao.json">
      <Filter>Resource Files</Filter>
    </None>
  </ItemGroup>
  <ItemGroup>
    <ClCompile Include="..\engine\Cameras\CameraMazhar.cpp">
      <Filter>Source Files</Filter>
    </ClCompile>
    <ClCompile Include="..\engine\Cameras\CameraOW.cpp">
      <Filter>Source Files</Filter>
    </ClCompile>
    <ClCompile Include="main.cpp">
      <Filter>Source Files</Filter>
    </ClCompile>
    <ClCompile Include="..\engine\Cameras\Mazhar_Camera.cpp">
      <Filter>Source Files</Filter>
    </ClCompile>
    <ClCompile Include="NMSEndScene.cpp">
      <Filter>Source Files</Filter>
    </ClCompile>
    <ClCompile Include="NMSMainScene.cpp">
      <Filter>Source Files</Filter>
    </ClCompile>
    <ClCompile Include="NMSMovie.cpp">
      <Filter>Source Files</Filter>
    </ClCompile>
    <ClCompile Include="NMSScene.cpp">
      <Filter>Source Files</Filter>
    </ClCompile>
    <ClCompile Include="NMSSplashScene.cpp">
      <Filter>Source Files</Filter>
    </ClCompile>
    <ClCompile Include="NMSUserInput.cpp">
      <Filter>Source Files</Filter>
    </ClCompile>
    <ClCompile Include="NoMansSkyStarMap.cpp">
      <Filter>Source Files</Filter>
    </ClCompile>
    <ClCompile Include="NMSRopeScene.cpp">
      <Filter>Source Files</Filter>
    </ClCompile>
    <ClCompile Include="Ropes.cpp">
      <Filter>Source Files</Filter>
    </ClCompile>
    <ClCompile Include="rope_interface_utils.cpp">
      <Filter>Source Files</Filter>
    </ClCompile>
    <ClCompile Include="rope_interface_test.cpp">
      <Filter>Source Files</Filter>
    </ClCompile>
    <ClCompile Include="rope_quick.cpp">
      <Filter>Source Files</Filter>
    </ClCompile>
    <ClCompile Include="PolygonBuilder.cpp">
      <Filter>Source Files</Filter>
    </ClCompile>
    <ClCompile Include="RopeNormaliser.cpp">
      <Filter>Source Files</Filter>
    </ClCompile>
    <ClCompile Include="..\engine\Helpers\Button.cpp">
      <Filter>Source Files</Filter>
    </ClCompile>
  </ItemGroup>
  <ItemGroup>
    <ClInclude Include="..\engine\Cameras\Mazhar_Camera.h">
      <Filter>Header Files</Filter>
    </ClInclude>
    <ClInclude Include="..\engine\Cameras\CameraMazhar.h">
      <Filter>Header Files</Filter>
    </ClInclude>
    <ClInclude Include="..\engine\Cameras\OW_Camera.h">
      <Filter>Header Files</Filter>
    </ClInclude>
    <ClInclude Include="..\engine\Cameras\CameraOW.h">
      <Filter>Header Files</Filter>
    </ClInclude>
    <ClInclude Include="NMSEndScene.h">
      <Filter>Header Files</Filter>
    </ClInclude>
    <ClInclude Include="NMSMainScene.h">
      <Filter>Header Files</Filter>
    </ClInclude>
    <ClInclude Include="NMSMovie.h">
      <Filter>Header Files</Filter>
    </ClInclude>
    <ClInclude Include="NMSScene.h">
      <Filter>Header Files</Filter>
    </ClInclude>
    <ClInclude Include="NMSSplashScene.h">
      <Filter>Header Files</Filter>
    </ClInclude>
    <ClInclude Include="NMSUserInput.h">
      <Filter>Header Files</Filter>
    </ClInclude>
    <ClInclude Include="NoMansSkyStarMap.h">
      <Filter>Header Files</Filter>
    </ClInclude>
    <ClInclude Include="NMSRopeScene.h">
      <Filter>Header Files</Filter>
    </ClInclude>
    <ClInclude Include="Ropes.h">
      <Filter>Header Files</Filter>
    </ClInclude>
    <ClInclude Include="rope_interface_utils.h">
      <Filter>Header Files</Filter>
    </ClInclude>
    <ClInclude Include="rope_interface_test.h">
      <Filter>Header Files</Filter>
    </ClInclude>
    <ClInclude Include="rope_quick.h">
      <Filter>Header Files</Filter>
    </ClInclude>
    <ClInclude Include="PolygonBuilder.h">
      <Filter>Header Files</Filter>
    </ClInclude>
    <ClInclude Include="RopeNormaliser.h">
      <Filter>Header Files</Filter>
    </ClInclude>
    <ClInclude Include="..\engine\Helpers\Button.h">
      <Filter>Header Files</Filter>
    </ClInclude>
  </ItemGroup>
</Project>