<?xml version="1.0" encoding="utf-8"?>
<Project ToolsVersion="4.0" xmlns="http://schemas.microsoft.com/developer/msbuild/2003">
  <ItemGroup>
    <Filter Include="Resource Files">
      <UniqueIdentifier>{67DA6AB6-F800-4c08-8B7A-83BB121AAD01}</UniqueIdentifier>
      <Extensions>rc;ico;cur;bmp;dlg;rc2;rct;bin;rgs;gif;jpg;jpeg;jpe;resx;tiff;tif;png;wav;mfcribbon-ms</Extensions>
    </Filter>
    <Filter Include="Core">
      <UniqueIdentifier>{bc3dcc33-bad9-4cbf-bf97-97d2a6aa64d2}</UniqueIdentifier>
      <Extensions>h;hh;hpp;hxx;hm;inl;inc;ipp;xsd;cpp;c;cc;cxx;def;odl;idl;hpj;bat;asm;asmx</Extensions>
    </Filter>
    <Filter Include="Helpers">
      <UniqueIdentifier>{a964d0e7-cc05-42f8-82a3-f072a25ca177}</UniqueIdentifier>
      <Extensions>h;hh;hpp;hxx;hm;inl;inc;ipp;xsd;cpp;c;cc;cxx;def;odl;idl;hpj;bat;asm;asmx</Extensions>
    </Filter>
    <Filter Include="Renderers">
      <UniqueIdentifier>{5f7662ec-79d1-425f-a651-3ebd87cc7fcd}</UniqueIdentifier>
      <Extensions>h;hh;hpp;hxx;hm;inl;inc;ipp;xsd;cpp;c;cc;cxx;def;odl;idl;hpj;bat;asm;asmx</Extensions>
    </Filter>
    <Filter Include="Geometry">
      <UniqueIdentifier>{32b642c3-6164-474f-92f5-f4883521dab3}</UniqueIdentifier>
      <Extensions>h;hh;hpp;hxx;hm;inl;inc;ipp;xsd;cpp;c;cc;cxx;def;odl;idl;hpj;bat;asm;asmx</Extensions>
    </Filter>
    <Filter Include="Actor">
      <UniqueIdentifier>{5a1dff6d-234e-4370-ae69-3077eddcddc7}</UniqueIdentifier>
      <Extensions>h;hh;hpp;hxx;hm;inl;inc;ipp;xsd;cpp;c;cc;cxx;def;odl;idl;hpj;bat;asm;asmx</Extensions>
    </Filter>
    <Filter Include="Components">
      <UniqueIdentifier>{b4cbe810-ca26-4db9-8b9b-2182881a4f30}</UniqueIdentifier>
      <Extensions>h;hh;hpp;hxx;hm;inl;inc;ipp;xsd;cpp;c;cc;cxx;def;odl;idl;hpj;bat;asm;asmx</Extensions>
    </Filter>
    <Filter Include="Scripting">
      <UniqueIdentifier>{ce9cb59c-cdf1-442b-ab44-183803cc0ce1}</UniqueIdentifier>
      <Extensions>h;hh;hpp;hxx;hm;inl;inc;ipp;xsd;cpp;c;cc;cxx;def;odl;idl;hpj;bat;asm;asmx</Extensions>
    </Filter>
    <Filter Include="Global">
      <UniqueIdentifier>{93995380-89BD-4b04-88EB-625FBE52EBFB}</UniqueIdentifier>
      <Extensions>h;hh;hpp;hxx;hm;inl;inc;ipp;xsd;cpp;c;cc;cxx;def;odl;idl;hpj;bat;asm;asmx</Extensions>
    </Filter>
    <Filter Include="Sound">
      <UniqueIdentifier>{bb93979d-bd4d-441a-9277-63d07296e3fe}</UniqueIdentifier>
    </Filter>
  </ItemGroup>
  <ItemGroup>
    <ClInclude Include="framework.h">
      <Filter>Global</Filter>
    </ClInclude>
    <ClInclude Include="..\Core\GLApplication.h">
      <Filter>Core</Filter>
    </ClInclude>
    <ClInclude Include="..\Core\ListenerHelper.h">
      <Filter>Core</Filter>
    </ClInclude>
    <ClInclude Include="..\Core\Movie.h">
      <Filter>Core</Filter>
    </ClInclude>
    <ClInclude Include="..\Core\QuitScene.h">
      <Filter>Core</Filter>
    </ClInclude>
    <ClInclude Include="..\Core\SaveAndRestore.h">
      <Filter>Core</Filter>
    </ClInclude>
    <ClInclude Include="..\Core\Scene.h">
      <Filter>Core</Filter>
    </ClInclude>
    <ClInclude Include="..\Core\ScenePhysicsState.h">
      <Filter>Core</Filter>
    </ClInclude>
    <ClInclude Include="..\Core\UserInput.h">
      <Filter>Core</Filter>
    </ClInclude>
    <ClInclude Include="..\Helpers\FreeTypeFontAtlas.h">
      <Filter>Helpers</Filter>
    </ClInclude>
    <ClInclude Include="..\Helpers\PhongShader.h">
      <Filter>Helpers</Filter>
    </ClInclude>
    <ClInclude Include="..\Helpers\Shader.h">
      <Filter>Helpers</Filter>
    </ClInclude>
    <ClInclude Include="..\Helpers\Texture.h">
      <Filter>Helpers</Filter>
    </ClInclude>
    <ClInclude Include="OWEngine.h">
      <Filter>Global</Filter>
    </ClInclude>
    <ClInclude Include="..\Core\GlobalSettings.h">
      <Filter>Core</Filter>
    </ClInclude>
    <ClInclude Include="..\Helpers\FontFactory.h">
      <Filter>Helpers</Filter>
    </ClInclude>
    <ClInclude Include="..\Helpers\ShaderFactory.h">
      <Filter>Helpers</Filter>
    </ClInclude>
    <ClInclude Include="..\Helpers\ModelFactory.h">
      <Filter>Helpers</Filter>
    </ClInclude>
    <ClInclude Include="..\Helpers\TextureFactory.h">
      <Filter>Helpers</Filter>
    </ClInclude>
    <ClInclude Include="..\Core\CommonUtils.h">
      <Filter>Core</Filter>
    </ClInclude>
    <ClInclude Include="..\Core\ErrorHandling.h">
      <Filter>Core</Filter>
    </ClInclude>
    <ClInclude Include="..\Core\Logger.h">
      <Filter>Core</Filter>
    </ClInclude>
    <ClInclude Include="..\Core\LogStream.h">
      <Filter>Core</Filter>
    </ClInclude>
    <ClInclude Include="..\Core\ResourcePathFactory.h">
      <Filter>Core</Filter>
    </ClInclude>
    <ClInclude Include="..\Helpers\ComputeNormals.h">
      <Filter>Helpers</Filter>
    </ClInclude>
    <ClInclude Include="..\Core\Renderable.h">
      <Filter>Core</Filter>
    </ClInclude>
    <ClInclude Include="..\Core\OWObject.h">
      <Filter>Core</Filter>
    </ClInclude>
    <ClInclude Include="..\Geometry\BoundingBox.h">
      <Filter>Geometry</Filter>
    </ClInclude>
    <ClInclude Include="..\Geometry\BoundingFrustum.h">
      <Filter>Geometry</Filter>
    </ClInclude>
    <ClInclude Include="..\Geometry\BoundingPlane.h">
      <Filter>Geometry</Filter>
    </ClInclude>
    <ClInclude Include="..\Geometry\BoundingSphere.h">
      <Filter>Geometry</Filter>
    </ClInclude>
    <ClInclude Include="..\Geometry\OWBounding.h">
      <Filter>Geometry</Filter>
    </ClInclude>
    <ClInclude Include="..\Geometry\GeometricShapes.h">
      <Filter>Geometry</Filter>
    </ClInclude>
    <ClInclude Include="..\Geometry\OWShape.h">
      <Filter>Geometry</Filter>
    </ClInclude>
    <ClInclude Include="..\Geometry\OWRay.h">
      <Filter>Geometry</Filter>
    </ClInclude>
    <ClInclude Include="..\Geometry\OWSphere.h">
      <Filter>Geometry</Filter>
    </ClInclude>
    <ClInclude Include="..\Actor\OWActor.h">
      <Filter>Actor</Filter>
    </ClInclude>
    <ClInclude Include="..\Actor\ThreeDAxis.h">
      <Filter>Actor</Filter>
    </ClInclude>
    <ClInclude Include="..\Actor\Button.h">
      <Filter>Actor</Filter>
    </ClInclude>
    <ClInclude Include="OWGameIFace.h">
      <Filter>Global</Filter>
    </ClInclude>
    <ClInclude Include="..\Scripting\OWActorScript.h">
      <Filter>Scripting</Filter>
    </ClInclude>
    <ClInclude Include="..\Scripting\OWScript.h">
      <Filter>Scripting</Filter>
    </ClInclude>
    <ClInclude Include="..\Sound\miniAud.h">
      <Filter>Sound</Filter>
    </ClInclude>
    <ClInclude Include="..\Core\SoundManager.h">
      <Filter>Core</Filter>
    </ClInclude>
    <ClInclude Include="..\Helpers\Collider.h">
      <Filter>Helpers</Filter>
    </ClInclude>
    <ClInclude Include="..\Helpers\Transform.h">
      <Filter>Helpers</Filter>
    </ClInclude>
    <ClInclude Include="..\Helpers\Mesh.h">
      <Filter>Helpers</Filter>
    </ClInclude>
    <ClInclude Include="..\Helpers\Model.h">
      <Filter>Helpers</Filter>
    </ClInclude>
    <ClInclude Include="..\Component\Component.h">
      <Filter>Components</Filter>
    </ClInclude>
    <ClInclude Include="..\Component\LightSource.h">
      <Filter>Components</Filter>
    </ClInclude>
    <ClInclude Include="..\Component\MeshComponent.h">
      <Filter>Components</Filter>
    </ClInclude>
    <ClInclude Include="..\Component\ModelComponent.h">
      <Filter>Components</Filter>
    </ClInclude>
    <ClInclude Include="..\Component\PhysicalComponent.h">
      <Filter>Components</Filter>
    </ClInclude>
    <ClInclude Include="..\Component\TextComponent.h">
      <Filter>Components</Filter>
    </ClInclude>
    <ClInclude Include="..\Renderers\InstanceRenderer.h">
      <Filter>Renderers</Filter>
    </ClInclude>
    <ClInclude Include="..\Renderers\MeshRenderer.h">
      <Filter>Renderers</Filter>
    </ClInclude>
    <ClInclude Include="..\Renderers\ModelRenderer.h">
      <Filter>Renderers</Filter>
    </ClInclude>
    <ClInclude Include="..\Renderers\RendererBase.h">
      <Filter>Renderers</Filter>
    </ClInclude>
    <ClInclude Include="..\Renderers\RenderTypes.h">
      <Filter>Renderers</Filter>
    </ClInclude>
    <ClInclude Include="..\Core\CollisionSystem.h">
      <Filter>Core</Filter>
    </ClInclude>
  </ItemGroup>
  <ItemGroup>
    <ClCompile Include="..\Actor\Button.cpp">
      <Filter>Actor</Filter>
    </ClCompile>
    <ClCompile Include="..\Actor\OWActor.cpp">
      <Filter>Actor</Filter>
    </ClCompile>
    <ClCompile Include="..\Actor\ThreeDAxis.cpp">
      <Filter>Actor</Filter>
    </ClCompile>
    <ClCompile Include="..\Core\CommonUtils.cpp">
      <Filter>Core</Filter>
    </ClCompile>
    <ClCompile Include="..\Core\ErrorHandling.cpp">
      <Filter>Core</Filter>
    </ClCompile>
    <ClCompile Include="..\Core\GLApplication.cpp">
      <Filter>Core</Filter>
    </ClCompile>
    <ClCompile Include="..\Core\GlobalSettings.cpp">
      <Filter>Core</Filter>
    </ClCompile>
    <ClCompile Include="..\Core\ListenerHelper.cpp">
      <Filter>Core</Filter>
    </ClCompile>
    <ClCompile Include="..\Core\Logger.cpp">
      <Filter>Core</Filter>
    </ClCompile>
    <ClCompile Include="..\Core\LogStream.cpp">
      <Filter>Core</Filter>
    </ClCompile>
    <ClCompile Include="..\Core\Movie.cpp">
      <Filter>Core</Filter>
    </ClCompile>
    <ClCompile Include="..\Core\OWObject.cpp">
      <Filter>Core</Filter>
    </ClCompile>
    <ClCompile Include="..\Core\QuitScene.cpp">
      <Filter>Core</Filter>
    </ClCompile>
    <ClCompile Include="..\Core\ResourcePathFactory.cpp">
      <Filter>Core</Filter>
    </ClCompile>
    <ClCompile Include="..\Core\SaveAndRestore.cpp">
      <Filter>Core</Filter>
    </ClCompile>
    <ClCompile Include="..\Core\Scene.cpp">
      <Filter>Core</Filter>
    </ClCompile>
    <ClCompile Include="..\Core\ScenePhysicsState.cpp">
      <Filter>Core</Filter>
    </ClCompile>
    <ClCompile Include="..\Core\UserInput.cpp">
      <Filter>Core</Filter>
    </ClCompile>
    <ClCompile Include="..\Geometry\BoundingBox.cpp">
      <Filter>Geometry</Filter>
    </ClCompile>
    <ClCompile Include="..\Geometry\BoundingFrustum.cpp">
      <Filter>Geometry</Filter>
    </ClCompile>
    <ClCompile Include="..\Geometry\BoundingPlane.cpp">
      <Filter>Geometry</Filter>
    </ClCompile>
    <ClCompile Include="..\Geometry\BoundingSphere.cpp">
      <Filter>Geometry</Filter>
    </ClCompile>
    <ClCompile Include="..\Geometry\GeometricShapes.cpp">
      <Filter>Geometry</Filter>
    </ClCompile>
    <ClCompile Include="..\Geometry\OWBounding.cpp">
      <Filter>Geometry</Filter>
    </ClCompile>
    <ClCompile Include="..\Geometry\OWRay.cpp">
      <Filter>Geometry</Filter>
    </ClCompile>
    <ClCompile Include="..\Geometry\OWShape.cpp">
      <Filter>Geometry</Filter>
    </ClCompile>
    <ClCompile Include="..\Geometry\OWSphere.cpp">
      <Filter>Geometry</Filter>
    </ClCompile>
    <ClCompile Include="..\Helpers\ComputeNormals.cpp">
      <Filter>Helpers</Filter>
    </ClCompile>
    <ClCompile Include="..\Helpers\FontFactory.cpp">
      <Filter>Helpers</Filter>
    </ClCompile>
    <ClCompile Include="..\Helpers\FreeTypeFontAtlas.cpp">
      <Filter>Helpers</Filter>
    </ClCompile>
    <ClCompile Include="..\Helpers\MacroRecorder.cpp">
      <Filter>Helpers</Filter>
    </ClCompile>
    <ClCompile Include="..\Helpers\ModelFactory.cpp">
      <Filter>Helpers</Filter>
    </ClCompile>
    <ClCompile Include="..\Helpers\PhongShader.cpp">
      <Filter>Helpers</Filter>
    </ClCompile>
    <ClCompile Include="..\Helpers\Shader.cpp">
      <Filter>Helpers</Filter>
    </ClCompile>
    <ClCompile Include="..\Helpers\ShaderFactory.cpp">
      <Filter>Helpers</Filter>
    </ClCompile>
    <ClCompile Include="..\Helpers\stb_image.cpp">
      <Filter>Helpers</Filter>
    </ClCompile>
    <ClCompile Include="..\Helpers\Texture.cpp">
      <Filter>Helpers</Filter>
    </ClCompile>
    <ClCompile Include="..\Helpers\TextureFactory.cpp">
      <Filter>Helpers</Filter>
    </ClCompile>
    <ClCompile Include="..\Scripting\OWActorScript.cpp">
      <Filter>Scripting</Filter>
    </ClCompile>
    <ClCompile Include="..\Scripting\OWScript.cpp">
      <Filter>Scripting</Filter>
    </ClCompile>
    <ClCompile Include="dllmain.cpp">
      <Filter>Global</Filter>
    </ClCompile>
    <ClCompile Include="..\..\..\..\OpenGL\Glitter\Glitter\Vendor\glad\src\glad.c">
      <Filter>Global</Filter>
    </ClCompile>
    <ClCompile Include="..\Sound\miniAud.cpp">
      <Filter>Sound</Filter>
    </ClCompile>
    <ClCompile Include="..\..\..\..\Sound\miniaudio\extras\miniaudio_split\miniaudio.c">
      <Filter>Sound</Filter>
    </ClCompile>
    <ClCompile Include="..\Core\SoundManager.cpp">
      <Filter>Core</Filter>
    </ClCompile>
    <ClCompile Include="..\Helpers\Collider.cpp">
      <Filter>Helpers</Filter>
    </ClCompile>
    <ClCompile Include="..\Helpers\Transform.cpp">
      <Filter>Helpers</Filter>
    </ClCompile>
    <ClCompile Include="..\Helpers\Mesh.cpp">
      <Filter>Helpers</Filter>
    </ClCompile>
    <ClCompile Include="..\Helpers\Model.cpp">
      <Filter>Helpers</Filter>
    </ClCompile>
    <ClCompile Include="..\Component\Component.cpp">
      <Filter>Components</Filter>
    </ClCompile>
    <ClCompile Include="..\Component\LightSource.cpp">
      <Filter>Components</Filter>
    </ClCompile>
    <ClCompile Include="..\Component\MeshComponent.cpp">
      <Filter>Components</Filter>
    </ClCompile>
    <ClCompile Include="..\Component\ModelComponent.cpp">
      <Filter>Components</Filter>
    </ClCompile>
    <ClCompile Include="..\Component\PhysicalComponent.cpp">
      <Filter>Components</Filter>
    </ClCompile>
    <ClCompile Include="..\Component\TextComponent.cpp">
      <Filter>Components</Filter>
    </ClCompile>
    <ClCompile Include="..\Renderers\InstanceRenderer.cpp">
      <Filter>Renderers</Filter>
    </ClCompile>
    <ClCompile Include="..\Renderers\MeshRenderer.cpp">
      <Filter>Renderers</Filter>
    </ClCompile>
    <ClCompile Include="..\Renderers\ModelRenderer.cpp">
      <Filter>Renderers</Filter>
    </ClCompile>
    <ClCompile Include="..\Renderers\RendererBase.cpp">
      <Filter>Renderers</Filter>
    </ClCompile>
    <ClCompile Include="..\Core\CollisionSystem.cpp">
      <Filter>Core</Filter>
    </ClCompile>
  </ItemGroup>
</Project>